# THIS IS AN AUTOGENERATED FILE. DO NOT EDIT THIS FILE DIRECTLY.
# yarn lockfile v1


chrome-types@^0.1.250:
  version "0.1.250"
  resolved "https://registry.yarnpkg.com/chrome-types/-/chrome-types-0.1.250.tgz#f66b73b24061cf46df2e970188c73570bae2bcdd"
  integrity sha512-4lV7LZXYafAcTKAPkNYnhShsFIMzWmscXcxk7VqbTwJ/sxnWID+NhgwGO8ig8S8iq/7QEN+BC5FZXaTn5aCVyA==

typescript@^5.3.3:
  version "5.3.3"
  resolved "https://registry.yarnpkg.com/typescript/-/typescript-5.3.3.tgz#b3ce6ba258e72e6305ba66f5c9b452aaee3ffe37"
  integrity sha512-pXWcraxM0uxAS+tN0AG/BF2TyqmHO014Z070UsJ+pFvYuRSq8KH8DmWpnbXe0pEPDHXZV3FcAbJkijJ5oNEnWw==
